
Microsoft Visual Studio Solution File, Format Version 12.00
# Visual Studio 15
VisualStudioVersion = 15.0.28307.421
MinimumVisualStudioVersion = 10.0.40219.1
Project("{FAE04EC0-301F-11D3-BF4B-00C04F79EFBC}") = "E_Jornal", "E_Jornal\E_Jornal.csproj", "{D6565075-1682-4FAD-8D32-955841A51953}"
EndProject
Global
	GlobalSection(SolutionConfigurationPlatforms) = preSolution
		Debug|Any CPU = Debug|Any CPU
		Release|Any CPU = Release|Any CPU
	EndGlobalSection
	GlobalSection(ProjectConfigurationPlatforms) = postSolution
		{D6565075-1682-4FAD-8D32-955841A51953}.Debug|Any CPU.ActiveCfg = Debug|Any CPU
		{D6565075-1682-4FAD-8D32-955841A51953}.Debug|Any CPU.Build.0 = Debug|Any CPU
		{D6565075-1682-4FAD-8D32-955841A51953}.Release|Any CPU.ActiveCfg = Release|Any CPU
		{D6565075-1682-4FAD-8D32-955841A51953}.Release|Any CPU.Build.0 = Release|Any CPU
	EndGlobalSection
	GlobalSection(SolutionProperties) = preSolution
		HideSolutionNode = FALSE
	EndGlobalSection
	GlobalSection(ExtensibilityGlobals) = postSolution
		SolutionGuid = {2E5B3E19-1748-4B3F-8D69-F5A5661ABB64}
	EndGlobalSection
EndGlobal
